speakeasyVersion: 1.759.2
sources:
    novu-OAS:
        sourceNamespace: novu-oas
        sourceRevisionDigest: sha256:4d8c70e2d5c5d795831075db0e09608afb095cbd40f6b71f552d9e1c59cfdbeb
        sourceBlobDigest: sha256:98e41a60a0fbd9e046ee635d4366a6eb8f2d1816de4002489e81a35bbf568593
        tags:
            - latest
            - 3.14.0
targets:
    novu:
        source: novu-OAS
        sourceNamespace: novu-oas
        sourceRevisionDigest: sha256:4d8c70e2d5c5d795831075db0e09608afb095cbd40f6b71f552d9e1c59cfdbeb
        sourceBlobDigest: sha256:98e41a60a0fbd9e046ee635d4366a6eb8f2d1816de4002489e81a35bbf568593
        codeSamplesNamespace: novu-oas-php-code-samples
        codeSamplesRevisionDigest: sha256:15d0170d24bb3308a28632e397e39f41b799870c9486c833d1edbadd6ead4175
workflow:
    workflowVersion: 1.0.0
    speakeasyVersion: latest
    sources:
        novu-OAS:
            inputs:
                - location: https://api.novu.co/openapi.sdk.yaml
            overlays:
                - location: .speakeasy/speakeasy-modifications-overlay.yaml
            registry:
                location: registry.speakeasyapi.dev/novu/novu/novu-oas
    targets:
        novu:
            target: php
            source: novu-OAS
            publish:
                packagist:
                    username: novuhq
                    token: $packagist_token
            codeSamples:
                registry:
                    location: registry.speakeasyapi.dev/novu/novu/novu-oas-php-code-samples
                labelOverride:
                    fixedValue: PHP
                blocking: false
