speakeasyVersion: 1.554.1
sources:
    novu-OAS:
        sourceNamespace: novu-oas
        sourceRevisionDigest: sha256:0d5c46d9b4b8327a4fad38de8e3b6ab3f9ce2245e92b0a1fc3bf36f00b83931f
        sourceBlobDigest: sha256:aa5459dc31a15526e4688602af2d55a84e560e7ec3914c968486fab5541c88b5
        tags:
            - latest
            - speakeasy-sdk-regen-1747959299
            - 2.2.0
targets:
    novu:
        source: novu-OAS
        sourceNamespace: novu-oas
        sourceRevisionDigest: sha256:0d5c46d9b4b8327a4fad38de8e3b6ab3f9ce2245e92b0a1fc3bf36f00b83931f
        sourceBlobDigest: sha256:aa5459dc31a15526e4688602af2d55a84e560e7ec3914c968486fab5541c88b5
        codeSamplesNamespace: novu-oas-php-code-samples
        codeSamplesRevisionDigest: sha256:7be7238a628c5bd3a6c6beb9c1b08e4b3752406de009ec033850bc7f1f644395
workflow:
    workflowVersion: 1.0.0
    speakeasyVersion: latest
    sources:
        novu-OAS:
            inputs:
                - location: https://api.novu.co/openapi.sdk.yaml
            overlays:
                - location: .speakeasy/speakeasy-modifications-overlay.yaml
            registry:
                location: registry.speakeasyapi.dev/novu/novu/novu-oas
    targets:
        novu:
            target: php
            source: novu-OAS
            publish:
                packagist:
                    username: novuhq
                    token: $packagist_token
            codeSamples:
                registry:
                    location: registry.speakeasyapi.dev/novu/novu/novu-oas-php-code-samples
                labelOverride:
                    fixedValue: PHP
                blocking: false
