speakeasyVersion: 1.483.0
sources:
    novu-OAS:
        sourceNamespace: novu-oas
        sourceRevisionDigest: sha256:9ba8150c482bf407b7ee8c72d6aa6e18eb7f0102099784081fd1b60738a60aaa
        sourceBlobDigest: sha256:94dc96203886bdb1449550da72edec8a90de8bb2bb1f382ce2e43078cb14c371
        tags:
            - latest
            - speakeasy-sdk-regen-1738671594
            - "1.0"
targets:
    novu:
        source: novu-OAS
        sourceNamespace: novu-oas
        sourceRevisionDigest: sha256:9ba8150c482bf407b7ee8c72d6aa6e18eb7f0102099784081fd1b60738a60aaa
        sourceBlobDigest: sha256:94dc96203886bdb1449550da72edec8a90de8bb2bb1f382ce2e43078cb14c371
        codeSamplesNamespace: novu-oas-php-code-samples
        codeSamplesRevisionDigest: sha256:38cb09195dbcd72473e7020e985989793d0d55ad35e2ec49cd017ce52cb54a5f
workflow:
    workflowVersion: 1.0.0
    speakeasyVersion: latest
    sources:
        novu-OAS:
            inputs:
                - location: https://api.novu.co/openapi.sdk.yaml
            overlays:
                - location: .speakeasy/speakeasy-modifications-overlay.yaml
            registry:
                location: registry.speakeasyapi.dev/novu/novu/novu-oas
    targets:
        novu:
            target: php
            source: novu-OAS
            publish:
                packagist:
                    username: novuhq
                    token: $packagist_token
            codeSamples:
                registry:
                    location: registry.speakeasyapi.dev/novu/novu/novu-oas-php-code-samples
                labelOverride:
                    fixedValue: Php (SDK)
                blocking: false
